
Microsoft Visual Studio Solution File, Format Version 12.00
# Visual Studio Version 17
VisualStudioVersion = 17.3.32922.545
MinimumVisualStudioVersion = 10.0.40219.1
Project("{9A19103F-16F7-4668-BE54-9A1E7A4F7556}") = "RelayServer", "RelayServerTest\RelayServer.csproj", "{5CBE7822-5903-4733-8DDE-67E9A5A85F0C}"
EndProject
Global
	GlobalSection(SolutionConfigurationPlatforms) = preSolution
		Debug|Any CPU = Debug|Any CPU
		Debug|x86 = Debug|x86
		Release|Any CPU = Release|Any CPU
		Release|x86 = Release|x86
	EndGlobalSection
	GlobalSection(ProjectConfigurationPlatforms) = postSolution
		{5CBE7822-5903-4733-8DDE-67E9A5A85F0C}.Debug|Any CPU.ActiveCfg = Debug|Any CPU
		{5CBE7822-5903-4733-8DDE-67E9A5A85F0C}.Debug|Any CPU.Build.0 = Debug|Any CPU
		{5CBE7822-5903-4733-8DDE-67E9A5A85F0C}.Debug|x86.ActiveCfg = Debug|x86
		{5CBE7822-5903-4733-8DDE-67E9A5A85F0C}.Debug|x86.Build.0 = Debug|x86
		{5CBE7822-5903-4733-8DDE-67E9A5A85F0C}.Release|Any CPU.ActiveCfg = Release|Any CPU
		{5CBE7822-5903-4733-8DDE-67E9A5A85F0C}.Release|Any CPU.Build.0 = Release|Any CPU
		{5CBE7822-5903-4733-8DDE-67E9A5A85F0C}.Release|x86.ActiveCfg = Release|x86
		{5CBE7822-5903-4733-8DDE-67E9A5A85F0C}.Release|x86.Build.0 = Release|x86
	EndGlobalSection
	GlobalSection(SolutionProperties) = preSolution
		HideSolutionNode = FALSE
	EndGlobalSection
	GlobalSection(ExtensibilityGlobals) = postSolution
		SolutionGuid = {1AE0624D-E979-4B56-8E95-AB35A09B3BC3}
	EndGlobalSection
EndGlobal
